
Microsoft Visual Studio Solution File, Format Version 12.00
# Visual Studio Version 17
VisualStudioVersion = 17.3.32804.467
MinimumVisualStudioVersion = 10.0.40219.1
Project("{FAE04EC0-301F-11D3-BF4B-00C04F79EFBC}") = "OOP_9_Example_2", "OOP_9_Example_2.csproj", "{DF56D72F-74CD-462C-ADAA-59503B33E342}"
EndProject
Global
	GlobalSection(SolutionConfigurationPlatforms) = preSolution
		Debug|Any CPU = Debug|Any CPU
		Release|Any CPU = Release|Any CPU
	EndGlobalSection
	GlobalSection(ProjectConfigurationPlatforms) = postSolution
		{DF56D72F-74CD-462C-ADAA-59503B33E342}.Debug|Any CPU.ActiveCfg = Debug|Any CPU
		{DF56D72F-74CD-462C-ADAA-59503B33E342}.Debug|Any CPU.Build.0 = Debug|Any CPU
		{DF56D72F-74CD-462C-ADAA-59503B33E342}.Release|Any CPU.ActiveCfg = Release|Any CPU
		{DF56D72F-74CD-462C-ADAA-59503B33E342}.Release|Any CPU.Build.0 = Release|Any CPU
	EndGlobalSection
	GlobalSection(SolutionProperties) = preSolution
		HideSolutionNode = FALSE
	EndGlobalSection
	GlobalSection(ExtensibilityGlobals) = postSolution
		SolutionGuid = {F8DBF1E8-305B-4D81-8954-D32EFBA28820}
	EndGlobalSection
EndGlobal
