
Microsoft Visual Studio Solution File, Format Version 12.00
# Visual Studio Version 17
VisualStudioVersion = 17.4.33213.308
MinimumVisualStudioVersion = 10.0.40219.1
Project("{FAE04EC0-301F-11D3-BF4B-00C04F79EFBC}") = "Konsol_Uygulamaları", "Konsol_Uygulamaları\Konsol_Uygulamaları.csproj", "{DC2AA15E-1455-4349-BAE6-55D7DD537AF2}"
EndProject
Project("{FAE04EC0-301F-11D3-BF4B-00C04F79EFBC}") = "Baslangic", "Baslangic\Baslangic.csproj", "{24F74E72-4203-4B5E-BDC9-D0074071F2A5}"
EndProject
Global
	GlobalSection(SolutionConfigurationPlatforms) = preSolution
		Debug|Any CPU = Debug|Any CPU
		Release|Any CPU = Release|Any CPU
	EndGlobalSection
	GlobalSection(ProjectConfigurationPlatforms) = postSolution
		{DC2AA15E-1455-4349-BAE6-55D7DD537AF2}.Debug|Any CPU.ActiveCfg = Debug|Any CPU
		{DC2AA15E-1455-4349-BAE6-55D7DD537AF2}.Debug|Any CPU.Build.0 = Debug|Any CPU
		{DC2AA15E-1455-4349-BAE6-55D7DD537AF2}.Release|Any CPU.ActiveCfg = Release|Any CPU
		{DC2AA15E-1455-4349-BAE6-55D7DD537AF2}.Release|Any CPU.Build.0 = Release|Any CPU
		{24F74E72-4203-4B5E-BDC9-D0074071F2A5}.Debug|Any CPU.ActiveCfg = Debug|Any CPU
		{24F74E72-4203-4B5E-BDC9-D0074071F2A5}.Debug|Any CPU.Build.0 = Debug|Any CPU
		{24F74E72-4203-4B5E-BDC9-D0074071F2A5}.Release|Any CPU.ActiveCfg = Release|Any CPU
		{24F74E72-4203-4B5E-BDC9-D0074071F2A5}.Release|Any CPU.Build.0 = Release|Any CPU
	EndGlobalSection
	GlobalSection(SolutionProperties) = preSolution
		HideSolutionNode = FALSE
	EndGlobalSection
	GlobalSection(ExtensibilityGlobals) = postSolution
		SolutionGuid = {FECD81E7-D906-4AFC-B637-5F05FE24769C}
	EndGlobalSection
EndGlobal
