
Microsoft Visual Studio Solution File, Format Version 12.00
# Visual Studio Version 17
VisualStudioVersion = 17.4.33213.308
MinimumVisualStudioVersion = 10.0.40219.1
Project("{FAE04EC0-301F-11D3-BF4B-00C04F79EFBC}") = "01)Baslangic", "01)Baslangic\01)Baslangic.csproj", "{24F74E72-4203-4B5E-BDC9-D0074071F2A5}"
EndProject
Project("{FAE04EC0-301F-11D3-BF4B-00C04F79EFBC}") = "02)Kosullar", "02)Kosullar\02)Kosullar.csproj", "{D8DEA1D3-1C9C-49A5-88D7-A4E988A16BE7}"
EndProject
Project("{FAE04EC0-301F-11D3-BF4B-00C04F79EFBC}") = "03)SwitchCase", "03)SwitchCase\03)SwitchCase.csproj", "{0D8E08A9-7E82-41A0-B4FC-121EAE006BA8}"
EndProject
Project("{FAE04EC0-301F-11D3-BF4B-00C04F79EFBC}") = "04)GotoVeRandom", "04)GotoVeRandom\04)GotoVeRandom.csproj", "{1942400D-0CC5-4BD8-BB3D-EE8B1C0C6E60}"
EndProject
Project("{FAE04EC0-301F-11D3-BF4B-00C04F79EFBC}") = "05)Döngüler", "05)Döngüler\05)Döngüler.csproj", "{D409483E-7A71-4502-9A0D-DA4B7C7FA9E5}"
EndProject
Project("{FAE04EC0-301F-11D3-BF4B-00C04F79EFBC}") = "06)Metodlar", "06)Metodlar\06)Metodlar.csproj", "{6F78C873-CD6A-4794-B0B3-77A3D3FA8E5E}"
EndProject
Project("{FAE04EC0-301F-11D3-BF4B-00C04F79EFBC}") = "OOP_1", "OOP_1\OOP_1.csproj", "{6F4A54A4-C75F-44AC-8DA6-8EEFEE86BC47}"
EndProject
Project("{FAE04EC0-301F-11D3-BF4B-00C04F79EFBC}") = "OOP_1_", "OOP_1_\OOP_1_.csproj", "{C007DB03-8173-48D1-A57B-F95F4147938E}"
EndProject
Project("{FAE04EC0-301F-11D3-BF4B-00C04F79EFBC}") = "OOP_2", "OOP_2\OOP_2.csproj", "{9BBA5E66-7026-4C26-90FB-FB13C5DF573D}"
EndProject
Project("{FAE04EC0-301F-11D3-BF4B-00C04F79EFBC}") = "OOP_2_", "OOP_2_\OOP_2_.csproj", "{4B154B53-1238-4E3C-89B6-B8BC07AFE0D6}"
EndProject
Project("{FAE04EC0-301F-11D3-BF4B-00C04F79EFBC}") = "OOP_3", "OOP_3\OOP_3.csproj", "{AAE08FBD-E11F-4B23-8800-BA5052AE658A}"
EndProject
Project("{FAE04EC0-301F-11D3-BF4B-00C04F79EFBC}") = "OOP_3_", "OOP_3_\OOP_3_.csproj", "{043B54FB-3120-4A19-9BBC-A15A2358EF52}"
EndProject
Project("{FAE04EC0-301F-11D3-BF4B-00C04F79EFBC}") = "OOP_6_Abstract", "OOP_6\OOP_6_Abstract.csproj", "{B4C1D619-BEA7-450B-AD70-D62E15807DF9}"
EndProject
Project("{FAE04EC0-301F-11D3-BF4B-00C04F79EFBC}") = "OOP_7_Interface", "OOP_7_Interface\OOP_7_Interface.csproj", "{5259DA34-C259-4DCE-9CC6-1BFE3BAB546D}"
EndProject
Project("{FAE04EC0-301F-11D3-BF4B-00C04F79EFBC}") = "OOP_7_Interface_", "OOP_7_Interface_\OOP_7_Interface_.csproj", "{E0C3141C-6AB3-4F19-916E-CBCBCC39D295}"
EndProject
Project("{FAE04EC0-301F-11D3-BF4B-00C04F79EFBC}") = "OOP_7_Interface_x", "OOP_7_Interface_x\OOP_7_Interface_x.csproj", "{A93B5507-CB91-4795-8834-39F558416F63}"
EndProject
Project("{FAE04EC0-301F-11D3-BF4B-00C04F79EFBC}") = "OOP_8_Example", "OOP_8_Example\OOP_8_Example.csproj", "{76D37218-9518-45E3-B7E0-1F056384DD83}"
EndProject
Project("{FAE04EC0-301F-11D3-BF4B-00C04F79EFBC}") = "OOP_9_Example", "OOP_9_Example\OOP_9_Example.csproj", "{3DB20F69-5909-408C-8E00-1DEFE77F56E3}"
EndProject
Project("{FAE04EC0-301F-11D3-BF4B-00C04F79EFBC}") = "OOP_9_Example_2", "OOP_9_Example_2\OOP_9_Example_2.csproj", "{DF56D72F-74CD-462C-ADAA-59503B33E342}"
EndProject
Project("{FAE04EC0-301F-11D3-BF4B-00C04F79EFBC}") = "OOP_Inheritance", "OOP_Inheritance\OOP_Inheritance.csproj", "{A46E7DAA-D47D-4EEC-A68C-D3F5F3234B5E}"
EndProject
Project("{FAE04EC0-301F-11D3-BF4B-00C04F79EFBC}") = "OOP_Inheritance_", "OOP_Inheritance_\OOP_Inheritance_.csproj", "{75D9CA36-515B-414B-A5B0-6C791FE965A0}"
EndProject
Project("{FAE04EC0-301F-11D3-BF4B-00C04F79EFBC}") = "OOP_Quiz", "OOP_Quiz\OOP_Quiz.csproj", "{C990DF65-7179-41EE-BC37-60EDD10BEF37}"
EndProject
Project("{FAE04EC0-301F-11D3-BF4B-00C04F79EFBC}") = "OOP_Quiz_", "OOP_Quiz_\OOP_Quiz_.csproj", "{4BA9C0F5-3C97-443C-B9D0-6285F3264A00}"
EndProject
Project("{FAE04EC0-301F-11D3-BF4B-00C04F79EFBC}") = "07)Diziler", "07)Diziler\07)Diziler.csproj", "{91CE274E-6602-4538-971A-99906D1DC282}"
EndProject
Project("{FAE04EC0-301F-11D3-BF4B-00C04F79EFBC}") = "08)Listeler", "08)Listeler\08)Listeler.csproj", "{145610DB-60E5-4100-97C2-DDB10FCE4C8C}"
EndProject
Project("{FAE04EC0-301F-11D3-BF4B-00C04F79EFBC}") = "OOP_Credit_Card", "OOP_Credit_Card\OOP_Credit_Card.csproj", "{29EA7E20-5E15-44B8-9571-140333A62951}"
EndProject
Project("{FAE04EC0-301F-11D3-BF4B-00C04F79EFBC}") = "09)Generic_Listeler", "09)Generic_Listeler\09)Generic_Listeler.csproj", "{8B1FFB9A-495E-492C-A034-8ECE7EB2E0B2}"
EndProject
Global
	GlobalSection(SolutionConfigurationPlatforms) = preSolution
		Debug|Any CPU = Debug|Any CPU
		Release|Any CPU = Release|Any CPU
	EndGlobalSection
	GlobalSection(ProjectConfigurationPlatforms) = postSolution
		{24F74E72-4203-4B5E-BDC9-D0074071F2A5}.Debug|Any CPU.ActiveCfg = Debug|Any CPU
		{24F74E72-4203-4B5E-BDC9-D0074071F2A5}.Debug|Any CPU.Build.0 = Debug|Any CPU
		{24F74E72-4203-4B5E-BDC9-D0074071F2A5}.Release|Any CPU.ActiveCfg = Release|Any CPU
		{24F74E72-4203-4B5E-BDC9-D0074071F2A5}.Release|Any CPU.Build.0 = Release|Any CPU
		{D8DEA1D3-1C9C-49A5-88D7-A4E988A16BE7}.Debug|Any CPU.ActiveCfg = Debug|Any CPU
		{D8DEA1D3-1C9C-49A5-88D7-A4E988A16BE7}.Debug|Any CPU.Build.0 = Debug|Any CPU
		{D8DEA1D3-1C9C-49A5-88D7-A4E988A16BE7}.Release|Any CPU.ActiveCfg = Release|Any CPU
		{D8DEA1D3-1C9C-49A5-88D7-A4E988A16BE7}.Release|Any CPU.Build.0 = Release|Any CPU
		{0D8E08A9-7E82-41A0-B4FC-121EAE006BA8}.Debug|Any CPU.ActiveCfg = Debug|Any CPU
		{0D8E08A9-7E82-41A0-B4FC-121EAE006BA8}.Debug|Any CPU.Build.0 = Debug|Any CPU
		{0D8E08A9-7E82-41A0-B4FC-121EAE006BA8}.Release|Any CPU.ActiveCfg = Release|Any CPU
		{0D8E08A9-7E82-41A0-B4FC-121EAE006BA8}.Release|Any CPU.Build.0 = Release|Any CPU
		{1942400D-0CC5-4BD8-BB3D-EE8B1C0C6E60}.Debug|Any CPU.ActiveCfg = Debug|Any CPU
		{1942400D-0CC5-4BD8-BB3D-EE8B1C0C6E60}.Debug|Any CPU.Build.0 = Debug|Any CPU
		{1942400D-0CC5-4BD8-BB3D-EE8B1C0C6E60}.Release|Any CPU.ActiveCfg = Release|Any CPU
		{1942400D-0CC5-4BD8-BB3D-EE8B1C0C6E60}.Release|Any CPU.Build.0 = Release|Any CPU
		{D409483E-7A71-4502-9A0D-DA4B7C7FA9E5}.Debug|Any CPU.ActiveCfg = Debug|Any CPU
		{D409483E-7A71-4502-9A0D-DA4B7C7FA9E5}.Debug|Any CPU.Build.0 = Debug|Any CPU
		{D409483E-7A71-4502-9A0D-DA4B7C7FA9E5}.Release|Any CPU.ActiveCfg = Release|Any CPU
		{D409483E-7A71-4502-9A0D-DA4B7C7FA9E5}.Release|Any CPU.Build.0 = Release|Any CPU
		{6F78C873-CD6A-4794-B0B3-77A3D3FA8E5E}.Debug|Any CPU.ActiveCfg = Debug|Any CPU
		{6F78C873-CD6A-4794-B0B3-77A3D3FA8E5E}.Debug|Any CPU.Build.0 = Debug|Any CPU
		{6F78C873-CD6A-4794-B0B3-77A3D3FA8E5E}.Release|Any CPU.ActiveCfg = Release|Any CPU
		{6F78C873-CD6A-4794-B0B3-77A3D3FA8E5E}.Release|Any CPU.Build.0 = Release|Any CPU
		{6F4A54A4-C75F-44AC-8DA6-8EEFEE86BC47}.Debug|Any CPU.ActiveCfg = Debug|Any CPU
		{6F4A54A4-C75F-44AC-8DA6-8EEFEE86BC47}.Debug|Any CPU.Build.0 = Debug|Any CPU
		{6F4A54A4-C75F-44AC-8DA6-8EEFEE86BC47}.Release|Any CPU.ActiveCfg = Release|Any CPU
		{6F4A54A4-C75F-44AC-8DA6-8EEFEE86BC47}.Release|Any CPU.Build.0 = Release|Any CPU
		{C007DB03-8173-48D1-A57B-F95F4147938E}.Debug|Any CPU.ActiveCfg = Debug|Any CPU
		{C007DB03-8173-48D1-A57B-F95F4147938E}.Debug|Any CPU.Build.0 = Debug|Any CPU
		{C007DB03-8173-48D1-A57B-F95F4147938E}.Release|Any CPU.ActiveCfg = Release|Any CPU
		{C007DB03-8173-48D1-A57B-F95F4147938E}.Release|Any CPU.Build.0 = Release|Any CPU
		{9BBA5E66-7026-4C26-90FB-FB13C5DF573D}.Debug|Any CPU.ActiveCfg = Debug|Any CPU
		{9BBA5E66-7026-4C26-90FB-FB13C5DF573D}.Debug|Any CPU.Build.0 = Debug|Any CPU
		{9BBA5E66-7026-4C26-90FB-FB13C5DF573D}.Release|Any CPU.ActiveCfg = Release|Any CPU
		{9BBA5E66-7026-4C26-90FB-FB13C5DF573D}.Release|Any CPU.Build.0 = Release|Any CPU
		{4B154B53-1238-4E3C-89B6-B8BC07AFE0D6}.Debug|Any CPU.ActiveCfg = Debug|Any CPU
		{4B154B53-1238-4E3C-89B6-B8BC07AFE0D6}.Debug|Any CPU.Build.0 = Debug|Any CPU
		{4B154B53-1238-4E3C-89B6-B8BC07AFE0D6}.Release|Any CPU.ActiveCfg = Release|Any CPU
		{4B154B53-1238-4E3C-89B6-B8BC07AFE0D6}.Release|Any CPU.Build.0 = Release|Any CPU
		{AAE08FBD-E11F-4B23-8800-BA5052AE658A}.Debug|Any CPU.ActiveCfg = Debug|Any CPU
		{AAE08FBD-E11F-4B23-8800-BA5052AE658A}.Debug|Any CPU.Build.0 = Debug|Any CPU
		{AAE08FBD-E11F-4B23-8800-BA5052AE658A}.Release|Any CPU.ActiveCfg = Release|Any CPU
		{AAE08FBD-E11F-4B23-8800-BA5052AE658A}.Release|Any CPU.Build.0 = Release|Any CPU
		{043B54FB-3120-4A19-9BBC-A15A2358EF52}.Debug|Any CPU.ActiveCfg = Debug|Any CPU
		{043B54FB-3120-4A19-9BBC-A15A2358EF52}.Debug|Any CPU.Build.0 = Debug|Any CPU
		{043B54FB-3120-4A19-9BBC-A15A2358EF52}.Release|Any CPU.ActiveCfg = Release|Any CPU
		{043B54FB-3120-4A19-9BBC-A15A2358EF52}.Release|Any CPU.Build.0 = Release|Any CPU
		{B4C1D619-BEA7-450B-AD70-D62E15807DF9}.Debug|Any CPU.ActiveCfg = Debug|Any CPU
		{B4C1D619-BEA7-450B-AD70-D62E15807DF9}.Debug|Any CPU.Build.0 = Debug|Any CPU
		{B4C1D619-BEA7-450B-AD70-D62E15807DF9}.Release|Any CPU.ActiveCfg = Release|Any CPU
		{B4C1D619-BEA7-450B-AD70-D62E15807DF9}.Release|Any CPU.Build.0 = Release|Any CPU
		{5259DA34-C259-4DCE-9CC6-1BFE3BAB546D}.Debug|Any CPU.ActiveCfg = Debug|Any CPU
		{5259DA34-C259-4DCE-9CC6-1BFE3BAB546D}.Debug|Any CPU.Build.0 = Debug|Any CPU
		{5259DA34-C259-4DCE-9CC6-1BFE3BAB546D}.Release|Any CPU.ActiveCfg = Release|Any CPU
		{5259DA34-C259-4DCE-9CC6-1BFE3BAB546D}.Release|Any CPU.Build.0 = Release|Any CPU
		{E0C3141C-6AB3-4F19-916E-CBCBCC39D295}.Debug|Any CPU.ActiveCfg = Debug|Any CPU
		{E0C3141C-6AB3-4F19-916E-CBCBCC39D295}.Debug|Any CPU.Build.0 = Debug|Any CPU
		{E0C3141C-6AB3-4F19-916E-CBCBCC39D295}.Release|Any CPU.ActiveCfg = Release|Any CPU
		{E0C3141C-6AB3-4F19-916E-CBCBCC39D295}.Release|Any CPU.Build.0 = Release|Any CPU
		{A93B5507-CB91-4795-8834-39F558416F63}.Debug|Any CPU.ActiveCfg = Debug|Any CPU
		{A93B5507-CB91-4795-8834-39F558416F63}.Debug|Any CPU.Build.0 = Debug|Any CPU
		{A93B5507-CB91-4795-8834-39F558416F63}.Release|Any CPU.ActiveCfg = Release|Any CPU
		{A93B5507-CB91-4795-8834-39F558416F63}.Release|Any CPU.Build.0 = Release|Any CPU
		{76D37218-9518-45E3-B7E0-1F056384DD83}.Debug|Any CPU.ActiveCfg = Debug|Any CPU
		{76D37218-9518-45E3-B7E0-1F056384DD83}.Debug|Any CPU.Build.0 = Debug|Any CPU
		{76D37218-9518-45E3-B7E0-1F056384DD83}.Release|Any CPU.ActiveCfg = Release|Any CPU
		{76D37218-9518-45E3-B7E0-1F056384DD83}.Release|Any CPU.Build.0 = Release|Any CPU
		{3DB20F69-5909-408C-8E00-1DEFE77F56E3}.Debug|Any CPU.ActiveCfg = Debug|Any CPU
		{3DB20F69-5909-408C-8E00-1DEFE77F56E3}.Debug|Any CPU.Build.0 = Debug|Any CPU
		{3DB20F69-5909-408C-8E00-1DEFE77F56E3}.Release|Any CPU.ActiveCfg = Release|Any CPU
		{3DB20F69-5909-408C-8E00-1DEFE77F56E3}.Release|Any CPU.Build.0 = Release|Any CPU
		{DF56D72F-74CD-462C-ADAA-59503B33E342}.Debug|Any CPU.ActiveCfg = Debug|Any CPU
		{DF56D72F-74CD-462C-ADAA-59503B33E342}.Debug|Any CPU.Build.0 = Debug|Any CPU
		{DF56D72F-74CD-462C-ADAA-59503B33E342}.Release|Any CPU.ActiveCfg = Release|Any CPU
		{DF56D72F-74CD-462C-ADAA-59503B33E342}.Release|Any CPU.Build.0 = Release|Any CPU
		{A46E7DAA-D47D-4EEC-A68C-D3F5F3234B5E}.Debug|Any CPU.ActiveCfg = Debug|Any CPU
		{A46E7DAA-D47D-4EEC-A68C-D3F5F3234B5E}.Debug|Any CPU.Build.0 = Debug|Any CPU
		{A46E7DAA-D47D-4EEC-A68C-D3F5F3234B5E}.Release|Any CPU.ActiveCfg = Release|Any CPU
		{A46E7DAA-D47D-4EEC-A68C-D3F5F3234B5E}.Release|Any CPU.Build.0 = Release|Any CPU
		{75D9CA36-515B-414B-A5B0-6C791FE965A0}.Debug|Any CPU.ActiveCfg = Debug|Any CPU
		{75D9CA36-515B-414B-A5B0-6C791FE965A0}.Debug|Any CPU.Build.0 = Debug|Any CPU
		{75D9CA36-515B-414B-A5B0-6C791FE965A0}.Release|Any CPU.ActiveCfg = Release|Any CPU
		{75D9CA36-515B-414B-A5B0-6C791FE965A0}.Release|Any CPU.Build.0 = Release|Any CPU
		{C990DF65-7179-41EE-BC37-60EDD10BEF37}.Debug|Any CPU.ActiveCfg = Debug|Any CPU
		{C990DF65-7179-41EE-BC37-60EDD10BEF37}.Debug|Any CPU.Build.0 = Debug|Any CPU
		{C990DF65-7179-41EE-BC37-60EDD10BEF37}.Release|Any CPU.ActiveCfg = Release|Any CPU
		{C990DF65-7179-41EE-BC37-60EDD10BEF37}.Release|Any CPU.Build.0 = Release|Any CPU
		{4BA9C0F5-3C97-443C-B9D0-6285F3264A00}.Debug|Any CPU.ActiveCfg = Debug|Any CPU
		{4BA9C0F5-3C97-443C-B9D0-6285F3264A00}.Debug|Any CPU.Build.0 = Debug|Any CPU
		{4BA9C0F5-3C97-443C-B9D0-6285F3264A00}.Release|Any CPU.ActiveCfg = Release|Any CPU
		{4BA9C0F5-3C97-443C-B9D0-6285F3264A00}.Release|Any CPU.Build.0 = Release|Any CPU
		{91CE274E-6602-4538-971A-99906D1DC282}.Debug|Any CPU.ActiveCfg = Debug|Any CPU
		{91CE274E-6602-4538-971A-99906D1DC282}.Debug|Any CPU.Build.0 = Debug|Any CPU
		{91CE274E-6602-4538-971A-99906D1DC282}.Release|Any CPU.ActiveCfg = Release|Any CPU
		{91CE274E-6602-4538-971A-99906D1DC282}.Release|Any CPU.Build.0 = Release|Any CPU
		{145610DB-60E5-4100-97C2-DDB10FCE4C8C}.Debug|Any CPU.ActiveCfg = Debug|Any CPU
		{145610DB-60E5-4100-97C2-DDB10FCE4C8C}.Debug|Any CPU.Build.0 = Debug|Any CPU
		{145610DB-60E5-4100-97C2-DDB10FCE4C8C}.Release|Any CPU.ActiveCfg = Release|Any CPU
		{145610DB-60E5-4100-97C2-DDB10FCE4C8C}.Release|Any CPU.Build.0 = Release|Any CPU
		{29EA7E20-5E15-44B8-9571-140333A62951}.Debug|Any CPU.ActiveCfg = Debug|Any CPU
		{29EA7E20-5E15-44B8-9571-140333A62951}.Debug|Any CPU.Build.0 = Debug|Any CPU
		{29EA7E20-5E15-44B8-9571-140333A62951}.Release|Any CPU.ActiveCfg = Release|Any CPU
		{29EA7E20-5E15-44B8-9571-140333A62951}.Release|Any CPU.Build.0 = Release|Any CPU
		{8B1FFB9A-495E-492C-A034-8ECE7EB2E0B2}.Debug|Any CPU.ActiveCfg = Debug|Any CPU
		{8B1FFB9A-495E-492C-A034-8ECE7EB2E0B2}.Debug|Any CPU.Build.0 = Debug|Any CPU
		{8B1FFB9A-495E-492C-A034-8ECE7EB2E0B2}.Release|Any CPU.ActiveCfg = Release|Any CPU
		{8B1FFB9A-495E-492C-A034-8ECE7EB2E0B2}.Release|Any CPU.Build.0 = Release|Any CPU
	EndGlobalSection
	GlobalSection(SolutionProperties) = preSolution
		HideSolutionNode = FALSE
	EndGlobalSection
	GlobalSection(ExtensibilityGlobals) = postSolution
		SolutionGuid = {FECD81E7-D906-4AFC-B637-5F05FE24769C}
	EndGlobalSection
EndGlobal
